
Microsoft Visual Studio Solution File, Format Version 12.00
# Visual Studio Version 16
VisualStudioVersion = 16.0.29613.14
MinimumVisualStudioVersion = 10.0.40219.1
Project("{FAE04EC0-301F-11D3-BF4B-00C04F79EFBC}") = "DemoGithub", "DemoGithub\DemoGithub.csproj", "{273762A6-3023-41B0-A5F8-93B7AD373F7E}"
EndProject
Global
	GlobalSection(SolutionConfigurationPlatforms) = preSolution
		Debug|Any CPU = Debug|Any CPU
		Release|Any CPU = Release|Any CPU
	EndGlobalSection
	GlobalSection(ProjectConfigurationPlatforms) = postSolution
		{273762A6-3023-41B0-A5F8-93B7AD373F7E}.Debug|Any CPU.ActiveCfg = Debug|Any CPU
		{273762A6-3023-41B0-A5F8-93B7AD373F7E}.Debug|Any CPU.Build.0 = Debug|Any CPU
		{273762A6-3023-41B0-A5F8-93B7AD373F7E}.Release|Any CPU.ActiveCfg = Release|Any CPU
		{273762A6-3023-41B0-A5F8-93B7AD373F7E}.Release|Any CPU.Build.0 = Release|Any CPU
	EndGlobalSection
	GlobalSection(SolutionProperties) = preSolution
		HideSolutionNode = FALSE
	EndGlobalSection
	GlobalSection(ExtensibilityGlobals) = postSolution
		SolutionGuid = {A1933812-65A6-4455-B189-5F5509884FC4}
	EndGlobalSection
EndGlobal
